
Microsoft Visual Studio Solution File, Format Version 12.00
# Visual Studio Version 16
VisualStudioVersion = 16.0.29403.142
MinimumVisualStudioVersion = 10.0.40219.1
Project("{FAE04EC0-301F-11D3-BF4B-00C04F79EFBC}") = "Charity Campaign", "Charity Campaign\Charity Campaign.csproj", "{280592ED-1595-4382-80F1-431331B5594A}"
EndProject
Global
	GlobalSection(SolutionConfigurationPlatforms) = preSolution
		Debug|Any CPU = Debug|Any CPU
		Release|Any CPU = Release|Any CPU
	EndGlobalSection
	GlobalSection(ProjectConfigurationPlatforms) = postSolution
		{280592ED-1595-4382-80F1-431331B5594A}.Debug|Any CPU.ActiveCfg = Debug|Any CPU
		{280592ED-1595-4382-80F1-431331B5594A}.Debug|Any CPU.Build.0 = Debug|Any CPU
		{280592ED-1595-4382-80F1-431331B5594A}.Release|Any CPU.ActiveCfg = Release|Any CPU
		{280592ED-1595-4382-80F1-431331B5594A}.Release|Any CPU.Build.0 = Release|Any CPU
	EndGlobalSection
	GlobalSection(SolutionProperties) = preSolution
		HideSolutionNode = FALSE
	EndGlobalSection
	GlobalSection(ExtensibilityGlobals) = postSolution
		SolutionGuid = {C3374D72-7E38-444D-AE6C-F99261A3DC26}
	EndGlobalSection
EndGlobal
