
Microsoft Visual Studio Solution File, Format Version 12.00
# Visual Studio Version 16
VisualStudioVersion = 16.0.29403.142
MinimumVisualStudioVersion = 10.0.40219.1
Project("{FAE04EC0-301F-11D3-BF4B-00C04F79EFBC}") = "Alcohol Market", "Alcohol Market\Alcohol Market.csproj", "{9FE2147A-8FD1-413D-AA9F-18862C067D79}"
EndProject
Global
	GlobalSection(SolutionConfigurationPlatforms) = preSolution
		Debug|Any CPU = Debug|Any CPU
		Release|Any CPU = Release|Any CPU
	EndGlobalSection
	GlobalSection(ProjectConfigurationPlatforms) = postSolution
		{9FE2147A-8FD1-413D-AA9F-18862C067D79}.Debug|Any CPU.ActiveCfg = Debug|Any CPU
		{9FE2147A-8FD1-413D-AA9F-18862C067D79}.Debug|Any CPU.Build.0 = Debug|Any CPU
		{9FE2147A-8FD1-413D-AA9F-18862C067D79}.Release|Any CPU.ActiveCfg = Release|Any CPU
		{9FE2147A-8FD1-413D-AA9F-18862C067D79}.Release|Any CPU.Build.0 = Release|Any CPU
	EndGlobalSection
	GlobalSection(SolutionProperties) = preSolution
		HideSolutionNode = FALSE
	EndGlobalSection
	GlobalSection(ExtensibilityGlobals) = postSolution
		SolutionGuid = {757AE973-4931-4D4A-ABC3-61B36C090C27}
	EndGlobalSection
EndGlobal
